
Microsoft Visual Studio Solution File, Format Version 12.00
# Visual Studio Version 16
VisualStudioVersion = 16.0.31702.278
MinimumVisualStudioVersion = 10.0.40219.1
Project("{FAE04EC0-301F-11D3-BF4B-00C04F79EFBC}") = "WebUI", "WebUI\WebUI.csproj", "{793CFA28-B9DD-4612-A491-F3438DC66D61}"
EndProject
Global
	GlobalSection(SolutionConfigurationPlatforms) = preSolution
		Debug|Any CPU = Debug|Any CPU
		Release|Any CPU = Release|Any CPU
	EndGlobalSection
	GlobalSection(ProjectConfigurationPlatforms) = postSolution
		{793CFA28-B9DD-4612-A491-F3438DC66D61}.Debug|Any CPU.ActiveCfg = Debug|Any CPU
		{793CFA28-B9DD-4612-A491-F3438DC66D61}.Debug|Any CPU.Build.0 = Debug|Any CPU
		{793CFA28-B9DD-4612-A491-F3438DC66D61}.Release|Any CPU.ActiveCfg = Release|Any CPU
		{793CFA28-B9DD-4612-A491-F3438DC66D61}.Release|Any CPU.Build.0 = Release|Any CPU
	EndGlobalSection
	GlobalSection(SolutionProperties) = preSolution
		HideSolutionNode = FALSE
	EndGlobalSection
	GlobalSection(ExtensibilityGlobals) = postSolution
		SolutionGuid = {D329D35F-D2D6-43D5-9E1A-94A1F075EDA2}
	EndGlobalSection
EndGlobal
